
Microsoft Visual Studio Solution File, Format Version 12.00
# Visual Studio Version 17
VisualStudioVersion = 17.7.34221.43
MinimumVisualStudioVersion = 10.0.40219.1
Project("{888888A0-9F3D-457C-B088-3A5042F75D52}") = "PythonLab1", "PythonLab1\PythonLab1.pyproj", "{36BFD20E-8F1A-4738-BC85-DF952A55D8D1}"
EndProject
Global
	GlobalSection(SolutionConfigurationPlatforms) = preSolution
		Debug|Any CPU = Debug|Any CPU
		Release|Any CPU = Release|Any CPU
	EndGlobalSection
	GlobalSection(ProjectConfigurationPlatforms) = postSolution
		{36BFD20E-8F1A-4738-BC85-DF952A55D8D1}.Debug|Any CPU.ActiveCfg = Debug|Any CPU
		{36BFD20E-8F1A-4738-BC85-DF952A55D8D1}.Release|Any CPU.ActiveCfg = Release|Any CPU
	EndGlobalSection
	GlobalSection(SolutionProperties) = preSolution
		HideSolutionNode = FALSE
	EndGlobalSection
	GlobalSection(ExtensibilityGlobals) = postSolution
		SolutionGuid = {38E92656-7124-439E-A81C-3FCF7533B3A8}
	EndGlobalSection
EndGlobal
