
Microsoft Visual Studio Solution File, Format Version 12.00
# Visual Studio Version 17
VisualStudioVersion = 17.7.34221.43
MinimumVisualStudioVersion = 10.0.40219.1
Project("{888888A0-9F3D-457C-B088-3A5042F75D52}") = "PythonLab1Task11-14", "PythonLab1Task11-14\PythonLab1Task11-14.pyproj", "{A6A724B0-E95C-4B3B-9C7B-6CA06B264EB0}"
EndProject
Global
	GlobalSection(SolutionConfigurationPlatforms) = preSolution
		Debug|Any CPU = Debug|Any CPU
		Release|Any CPU = Release|Any CPU
	EndGlobalSection
	GlobalSection(ProjectConfigurationPlatforms) = postSolution
		{A6A724B0-E95C-4B3B-9C7B-6CA06B264EB0}.Debug|Any CPU.ActiveCfg = Debug|Any CPU
		{A6A724B0-E95C-4B3B-9C7B-6CA06B264EB0}.Release|Any CPU.ActiveCfg = Release|Any CPU
	EndGlobalSection
	GlobalSection(SolutionProperties) = preSolution
		HideSolutionNode = FALSE
	EndGlobalSection
	GlobalSection(ExtensibilityGlobals) = postSolution
		SolutionGuid = {5424C1DC-F385-4448-99BA-C95A01D5E200}
	EndGlobalSection
EndGlobal
